
Microsoft Visual Studio Solution File, Format Version 12.00
# Visual Studio Version 17
VisualStudioVersion = 17.9.34714.143
MinimumVisualStudioVersion = 10.0.40219.1
Project("{9A19103F-16F7-4668-BE54-9A1E7A4F7556}") = "MVCPract2Kurs", "MVCPract2Kurs\MVCPract2Kurs.csproj", "{7E87A969-98CE-4081-8152-71F9A5D4D357}"
EndProject
Project("{FAE04EC0-301F-11D3-BF4B-00C04F79EFBC}") = "Domain", "Domain\Domain.csproj", "{FBBD7F77-1377-4C11-9E96-7F1A298E5C45}"
EndProject
Project("{FAE04EC0-301F-11D3-BF4B-00C04F79EFBC}") = "Application", "Application\Application.csproj", "{E2B3AD83-144D-40B7-BBE2-0AE5847A4522}"
EndProject
Project("{FAE04EC0-301F-11D3-BF4B-00C04F79EFBC}") = "Infrastructure", "Infrastructure\Infrastructure.csproj", "{2F2D73F9-8315-4BDF-9EB4-A8EF3BC84DE1}"
EndProject
Global
	GlobalSection(SolutionConfigurationPlatforms) = preSolution
		Debug|Any CPU = Debug|Any CPU
		Release|Any CPU = Release|Any CPU
	EndGlobalSection
	GlobalSection(ProjectConfigurationPlatforms) = postSolution
		{7E87A969-98CE-4081-8152-71F9A5D4D357}.Debug|Any CPU.ActiveCfg = Debug|Any CPU
		{7E87A969-98CE-4081-8152-71F9A5D4D357}.Debug|Any CPU.Build.0 = Debug|Any CPU
		{7E87A969-98CE-4081-8152-71F9A5D4D357}.Release|Any CPU.ActiveCfg = Release|Any CPU
		{7E87A969-98CE-4081-8152-71F9A5D4D357}.Release|Any CPU.Build.0 = Release|Any CPU
		{FBBD7F77-1377-4C11-9E96-7F1A298E5C45}.Debug|Any CPU.ActiveCfg = Debug|Any CPU
		{FBBD7F77-1377-4C11-9E96-7F1A298E5C45}.Debug|Any CPU.Build.0 = Debug|Any CPU
		{FBBD7F77-1377-4C11-9E96-7F1A298E5C45}.Release|Any CPU.ActiveCfg = Release|Any CPU
		{FBBD7F77-1377-4C11-9E96-7F1A298E5C45}.Release|Any CPU.Build.0 = Release|Any CPU
		{E2B3AD83-144D-40B7-BBE2-0AE5847A4522}.Debug|Any CPU.ActiveCfg = Debug|Any CPU
		{E2B3AD83-144D-40B7-BBE2-0AE5847A4522}.Debug|Any CPU.Build.0 = Debug|Any CPU
		{E2B3AD83-144D-40B7-BBE2-0AE5847A4522}.Release|Any CPU.ActiveCfg = Release|Any CPU
		{E2B3AD83-144D-40B7-BBE2-0AE5847A4522}.Release|Any CPU.Build.0 = Release|Any CPU
		{2F2D73F9-8315-4BDF-9EB4-A8EF3BC84DE1}.Debug|Any CPU.ActiveCfg = Debug|Any CPU
		{2F2D73F9-8315-4BDF-9EB4-A8EF3BC84DE1}.Debug|Any CPU.Build.0 = Debug|Any CPU
		{2F2D73F9-8315-4BDF-9EB4-A8EF3BC84DE1}.Release|Any CPU.ActiveCfg = Release|Any CPU
		{2F2D73F9-8315-4BDF-9EB4-A8EF3BC84DE1}.Release|Any CPU.Build.0 = Release|Any CPU
	EndGlobalSection
	GlobalSection(SolutionProperties) = preSolution
		HideSolutionNode = FALSE
	EndGlobalSection
	GlobalSection(ExtensibilityGlobals) = postSolution
		SolutionGuid = {527A461D-A038-4DE2-B94D-A410EE408DBA}
	EndGlobalSection
EndGlobal
